
Microsoft Visual Studio Solution File, Format Version 12.00
# Visual Studio 15
VisualStudioVersion = 15.0.35826.109
MinimumVisualStudioVersion = 10.0.40219.1
Project("{FAE04EC0-301F-11D3-BF4B-00C04F79EFBC}") = "RealCash", "RealCash\RealCash.csproj", "{7EB9B1ED-3546-4FB0-8FFA-FCB84CD01DFC}"
EndProject
Global
	GlobalSection(SolutionConfigurationPlatforms) = preSolution
		Debug|Any CPU = Debug|Any CPU
		Release|Any CPU = Release|Any CPU
	EndGlobalSection
	GlobalSection(ProjectConfigurationPlatforms) = postSolution
		{7EB9B1ED-3546-4FB0-8FFA-FCB84CD01DFC}.Debug|Any CPU.ActiveCfg = Debug|Any CPU
		{7EB9B1ED-3546-4FB0-8FFA-FCB84CD01DFC}.Debug|Any CPU.Build.0 = Debug|Any CPU
		{7EB9B1ED-3546-4FB0-8FFA-FCB84CD01DFC}.Release|Any CPU.ActiveCfg = Release|Any CPU
		{7EB9B1ED-3546-4FB0-8FFA-FCB84CD01DFC}.Release|Any CPU.Build.0 = Release|Any CPU
	EndGlobalSection
	GlobalSection(SolutionProperties) = preSolution
		HideSolutionNode = FALSE
	EndGlobalSection
	GlobalSection(ExtensibilityGlobals) = postSolution
		SolutionGuid = {7BC1A902-00FF-46F2-9A2D-6C8FCA3AB7EE}
	EndGlobalSection
EndGlobal
